
Microsoft Visual Studio Solution File, Format Version 12.00
# Visual Studio Version 17
VisualStudioVersion = 17.6.33815.320
MinimumVisualStudioVersion = 10.0.40219.1
Project("{FAE04EC0-301F-11D3-BF4B-00C04F79EFBC}") = "GltfTest", "GltfTest\GltfTest.csproj", "{DFDEE23D-4249-4265-B93F-45941880D183}"
EndProject
Global
	GlobalSection(SolutionConfigurationPlatforms) = preSolution
		Debug|Any CPU = Debug|Any CPU
		Release|Any CPU = Release|Any CPU
	EndGlobalSection
	GlobalSection(ProjectConfigurationPlatforms) = postSolution
		{DFDEE23D-4249-4265-B93F-45941880D183}.Debug|Any CPU.ActiveCfg = Debug|Any CPU
		{DFDEE23D-4249-4265-B93F-45941880D183}.Debug|Any CPU.Build.0 = Debug|Any CPU
		{DFDEE23D-4249-4265-B93F-45941880D183}.Release|Any CPU.ActiveCfg = Release|Any CPU
		{DFDEE23D-4249-4265-B93F-45941880D183}.Release|Any CPU.Build.0 = Release|Any CPU
	EndGlobalSection
	GlobalSection(SolutionProperties) = preSolution
		HideSolutionNode = FALSE
	EndGlobalSection
	GlobalSection(ExtensibilityGlobals) = postSolution
		SolutionGuid = {774871D6-C10F-406A-A94C-9089FF7832BA}
	EndGlobalSection
EndGlobal
